
Microsoft Visual Studio Solution File, Format Version 12.00
# Visual Studio Version 16
VisualStudioVersion = 16.0.30804.86
MinimumVisualStudioVersion = 10.0.40219.1
Project("{FAE04EC0-301F-11D3-BF4B-00C04F79EFBC}") = "Website", "Website\Website.csproj", "{D9AA0C20-06B8-422F-8B9B-9F32258440C9}"
EndProject
Project("{2150E333-8FDC-42A3-9474-1A3956D46DE8}") = "Solution Items", "Solution Items", "{8312ABED-DA1A-437F-B3E9-3B5DF10CA91F}"
	ProjectSection(SolutionItems) = preProject
		.gitignore = .gitignore
	EndProjectSection
EndProject
Global
	GlobalSection(SolutionConfigurationPlatforms) = preSolution
		Debug|Any CPU = Debug|Any CPU
		Release|Any CPU = Release|Any CPU
	EndGlobalSection
	GlobalSection(ProjectConfigurationPlatforms) = postSolution
		{D9AA0C20-06B8-422F-8B9B-9F32258440C9}.Debug|Any CPU.ActiveCfg = Debug|Any CPU
		{D9AA0C20-06B8-422F-8B9B-9F32258440C9}.Debug|Any CPU.Build.0 = Debug|Any CPU
		{D9AA0C20-06B8-422F-8B9B-9F32258440C9}.Release|Any CPU.ActiveCfg = Release|Any CPU
		{D9AA0C20-06B8-422F-8B9B-9F32258440C9}.Release|Any CPU.Build.0 = Release|Any CPU
	EndGlobalSection
	GlobalSection(SolutionProperties) = preSolution
		HideSolutionNode = FALSE
	EndGlobalSection
	GlobalSection(ExtensibilityGlobals) = postSolution
		SolutionGuid = {07D2785D-5CFC-4802-86F0-10C4D5F08C6D}
	EndGlobalSection
EndGlobal
